// !$*UTF8*$!
{
	archiveVersion = 1;
	classes = {
	};
	objectVersion = 56;
	objects = {

/* Begin PBXBuildFile section */
		2ECB706F29FA4B900050BA59 /* ApiEndpoint.swift in Sources */ = {isa = PBXBuildFile; fileRef = 2ECB706E29FA4B900050BA59 /* ApiEndpoint.swift */; };
		2ECB707129FA4C4B0050BA59 /* RegisterProtocol.swift in Sources */ = {isa = PBXBuildFile; fileRef = 2ECB707029FA4C4B0050BA59 /* RegisterProtocol.swift */; };
		2ECB707429FA4C940050BA59 /* UserData.swift in Sources */ = {isa = PBXBuildFile; fileRef = 2ECB707329FA4C940050BA59 /* UserData.swift */; };
		2ECB707629FA4D1F0050BA59 /* NetworkError.swift in Sources */ = {isa = PBXBuildFile; fileRef = 2ECB707529FA4D1F0050BA59 /* NetworkError.swift */; };
		2ECB707829FA4D4B0050BA59 /* RegisterService.swift in Sources */ = {isa = PBXBuildFile; fileRef = 2ECB707729FA4D4B0050BA59 /* RegisterService.swift */; };
		2ECB707B29FA4DED0050BA59 /* HTTPURLRESPONSE.swift in Sources */ = {isa = PBXBuildFile; fileRef = 2ECB707A29FA4DED0050BA59 /* HTTPURLRESPONSE.swift */; };
		2ECB707E29FA4E7A0050BA59 /* ResponseDTO.swift in Sources */ = {isa = PBXBuildFile; fileRef = 2ECB707D29FA4E7A0050BA59 /* ResponseDTO.swift */; };
		2ECB708129FA4F090050BA59 /* RegisterViewModel.swift in Sources */ = {isa = PBXBuildFile; fileRef = 2ECB708029FA4F090050BA59 /* RegisterViewModel.swift */; };
		2ECB708329FA4FE00050BA59 /* StringExtension.swift in Sources */ = {isa = PBXBuildFile; fileRef = 2ECB708229FA4FE00050BA59 /* StringExtension.swift */; };
		2ECB708529FA55840050BA59 /* LoginData.swift in Sources */ = {isa = PBXBuildFile; fileRef = 2ECB708429FA55840050BA59 /* LoginData.swift */; };
		2ECB708729FA55BC0050BA59 /* LoginProtocol.swift in Sources */ = {isa = PBXBuildFile; fileRef = 2ECB708629FA55BC0050BA59 /* LoginProtocol.swift */; };
		2ECB708929FA55F00050BA59 /* LoginService.swift in Sources */ = {isa = PBXBuildFile; fileRef = 2ECB708829FA55F00050BA59 /* LoginService.swift */; };
		2ECB708B29FA56740050BA59 /* UserDTO.swift in Sources */ = {isa = PBXBuildFile; fileRef = 2ECB708A29FA56740050BA59 /* UserDTO.swift */; };
		2ECB708D29FA57030050BA59 /* LoginViewModel.swift in Sources */ = {isa = PBXBuildFile; fileRef = 2ECB708C29FA57030050BA59 /* LoginViewModel.swift */; };
		2ECB708F29FA7B2E0050BA59 /* QUizCardView.swift in Sources */ = {isa = PBXBuildFile; fileRef = 2ECB708E29FA7B2E0050BA59 /* QUizCardView.swift */; };
		2ECB709129FA7F8F0050BA59 /* LessonCardView.swift in Sources */ = {isa = PBXBuildFile; fileRef = 2ECB709029FA7F8F0050BA59 /* LessonCardView.swift */; };
		2ECB709329FA827E0050BA59 /* LockedLessonCardView.swift in Sources */ = {isa = PBXBuildFile; fileRef = 2ECB709229FA827E0050BA59 /* LockedLessonCardView.swift */; };
		2ECB709529FA864B0050BA59 /* QuizView.swift in Sources */ = {isa = PBXBuildFile; fileRef = 2ECB709429FA864B0050BA59 /* QuizView.swift */; };
		2ECB709729FA86BE0050BA59 /* QuizDTO.swift in Sources */ = {isa = PBXBuildFile; fileRef = 2ECB709629FA86BE0050BA59 /* QuizDTO.swift */; };
		2ECB709B29FA9D480050BA59 /* InitialQuizProtocol.swift in Sources */ = {isa = PBXBuildFile; fileRef = 2ECB709A29FA9D480050BA59 /* InitialQuizProtocol.swift */; };
		2ECB709D29FA9D8A0050BA59 /* InitialQuizService.swift in Sources */ = {isa = PBXBuildFile; fileRef = 2ECB709C29FA9D8A0050BA59 /* InitialQuizService.swift */; };
		2ECB709F29FA9F100050BA59 /* HomeViewModel.swift in Sources */ = {isa = PBXBuildFile; fileRef = 2ECB709E29FA9F100050BA59 /* HomeViewModel.swift */; };
		2EFE7CC329F7C1E3003A1171 /* FrenchGoApp.swift in Sources */ = {isa = PBXBuildFile; fileRef = 2EFE7CC229F7C1E3003A1171 /* FrenchGoApp.swift */; };
		2EFE7CC529F7C1E3003A1171 /* Login.swift in Sources */ = {isa = PBXBuildFile; fileRef = 2EFE7CC429F7C1E3003A1171 /* Login.swift */; };
		2EFE7CC729F7C1E4003A1171 /* Assets.xcassets in Resources */ = {isa = PBXBuildFile; fileRef = 2EFE7CC629F7C1E4003A1171 /* Assets.xcassets */; };
		2EFE7CCA29F7C1E4003A1171 /* Preview Assets.xcassets in Resources */ = {isa = PBXBuildFile; fileRef = 2EFE7CC929F7C1E4003A1171 /* Preview Assets.xcassets */; };
		2EFE7CD329F7C694003A1171 /* CustomTextView.swift in Sources */ = {isa = PBXBuildFile; fileRef = 2EFE7CD229F7C694003A1171 /* CustomTextView.swift */; };
		2EFE7CD529F7C6EA003A1171 /* PasswordTextView.swift in Sources */ = {isa = PBXBuildFile; fileRef = 2EFE7CD429F7C6EA003A1171 /* PasswordTextView.swift */; };
		2EFE7CD729F7D0E7003A1171 /* SignUpView.swift in Sources */ = {isa = PBXBuildFile; fileRef = 2EFE7CD629F7D0E7003A1171 /* SignUpView.swift */; };
		2EFE7CDA29F7D664003A1171 /* UserRepository.swift in Sources */ = {isa = PBXBuildFile; fileRef = 2EFE7CD929F7D664003A1171 /* UserRepository.swift */; };
		2EFE7CDC29F7D6AA003A1171 /* MainTabView.swift in Sources */ = {isa = PBXBuildFile; fileRef = 2EFE7CDB29F7D6AA003A1171 /* MainTabView.swift */; };
		2EFE7CDE29F7D8C3003A1171 /* HomeView.swift in Sources */ = {isa = PBXBuildFile; fileRef = 2EFE7CDD29F7D8C3003A1171 /* HomeView.swift */; };
		2EFE7CE029F7D92E003A1171 /* SettingsView.swift in Sources */ = {isa = PBXBuildFile; fileRef = 2EFE7CDF29F7D92E003A1171 /* SettingsView.swift */; };
		2EFE7CE329F7DDAE003A1171 /* HowFrenchGoWorks.swift in Sources */ = {isa = PBXBuildFile; fileRef = 2EFE7CE229F7DDAE003A1171 /* HowFrenchGoWorks.swift */; };
		2EFE7CE529F7DFAF003A1171 /* NumberView.swift in Sources */ = {isa = PBXBuildFile; fileRef = 2EFE7CE429F7DFAF003A1171 /* NumberView.swift */; };
		2EFE7CE729F7E207003A1171 /* AboutUsView.swift in Sources */ = {isa = PBXBuildFile; fileRef = 2EFE7CE629F7E207003A1171 /* AboutUsView.swift */; };
		2EFE7CE929F7E364003A1171 /* ContactUsView.swift in Sources */ = {isa = PBXBuildFile; fileRef = 2EFE7CE829F7E364003A1171 /* ContactUsView.swift */; };
/* End PBXBuildFile section */

/* Begin PBXFileReference section */
		2ECB706E29FA4B900050BA59 /* ApiEndpoint.swift */ = {isa = PBXFileReference; lastKnownFileType = sourcecode.swift; path = ApiEndpoint.swift; sourceTree = "<group>"; };
		2ECB707029FA4C4B0050BA59 /* RegisterProtocol.swift */ = {isa = PBXFileReference; lastKnownFileType = sourcecode.swift; path = RegisterProtocol.swift; sourceTree = "<group>"; };
		2ECB707329FA4C940050BA59 /* UserData.swift */ = {isa = PBXFileReference; lastKnownFileType = sourcecode.swift; path = UserData.swift; sourceTree = "<group>"; };
		2ECB707529FA4D1F0050BA59 /* NetworkError.swift */ = {isa = PBXFileReference; lastKnownFileType = sourcecode.swift; path = NetworkError.swift; sourceTree = "<group>"; };
		2ECB707729FA4D4B0050BA59 /* RegisterService.swift */ = {isa = PBXFileReference; lastKnownFileType = sourcecode.swift; path = RegisterService.swift; sourceTree = "<group>"; };
		2ECB707A29FA4DED0050BA59 /* HTTPURLRESPONSE.swift */ = {isa = PBXFileReference; lastKnownFileType = sourcecode.swift; path = HTTPURLRESPONSE.swift; sourceTree = "<group>"; };
		2ECB707D29FA4E7A0050BA59 /* ResponseDTO.swift */ = {isa = PBXFileReference; lastKnownFileType = sourcecode.swift; path = ResponseDTO.swift; sourceTree = "<group>"; };
		2ECB708029FA4F090050BA59 /* RegisterViewModel.swift */ = {isa = PBXFileReference; lastKnownFileType = sourcecode.swift; path = RegisterViewModel.swift; sourceTree = "<group>"; };
		2ECB708229FA4FE00050BA59 /* StringExtension.swift */ = {isa = PBXFileReference; lastKnownFileType = sourcecode.swift; path = StringExtension.swift; sourceTree = "<group>"; };
		2ECB708429FA55840050BA59 /* LoginData.swift */ = {isa = PBXFileReference; lastKnownFileType = sourcecode.swift; path = LoginData.swift; sourceTree = "<group>"; };
		2ECB708629FA55BC0050BA59 /* LoginProtocol.swift */ = {isa = PBXFileReference; lastKnownFileType = sourcecode.swift; path = LoginProtocol.swift; sourceTree = "<group>"; };
		2ECB708829FA55F00050BA59 /* LoginService.swift */ = {isa = PBXFileReference; lastKnownFileType = sourcecode.swift; path = LoginService.swift; sourceTree = "<group>"; };
		2ECB708A29FA56740050BA59 /* UserDTO.swift */ = {isa = PBXFileReference; lastKnownFileType = sourcecode.swift; path = UserDTO.swift; sourceTree = "<group>"; };
		2ECB708C29FA57030050BA59 /* LoginViewModel.swift */ = {isa = PBXFileReference; lastKnownFileType = sourcecode.swift; path = LoginViewModel.swift; sourceTree = "<group>"; };
		2ECB708E29FA7B2E0050BA59 /* QUizCardView.swift */ = {isa = PBXFileReference; lastKnownFileType = sourcecode.swift; path = QUizCardView.swift; sourceTree = "<group>"; };
		2ECB709029FA7F8F0050BA59 /* LessonCardView.swift */ = {isa = PBXFileReference; lastKnownFileType = sourcecode.swift; path = LessonCardView.swift; sourceTree = "<group>"; };
		2ECB709229FA827E0050BA59 /* LockedLessonCardView.swift */ = {isa = PBXFileReference; lastKnownFileType = sourcecode.swift; path = LockedLessonCardView.swift; sourceTree = "<group>"; };
		2ECB709429FA864B0050BA59 /* QuizView.swift */ = {isa = PBXFileReference; lastKnownFileType = sourcecode.swift; path = QuizView.swift; sourceTree = "<group>"; };
		2ECB709629FA86BE0050BA59 /* QuizDTO.swift */ = {isa = PBXFileReference; lastKnownFileType = sourcecode.swift; path = QuizDTO.swift; sourceTree = "<group>"; };
		2ECB709A29FA9D480050BA59 /* InitialQuizProtocol.swift */ = {isa = PBXFileReference; lastKnownFileType = sourcecode.swift; path = InitialQuizProtocol.swift; sourceTree = "<group>"; };
		2ECB709C29FA9D8A0050BA59 /* InitialQuizService.swift */ = {isa = PBXFileReference; lastKnownFileType = sourcecode.swift; path = InitialQuizService.swift; sourceTree = "<group>"; };
		2ECB709E29FA9F100050BA59 /* HomeViewModel.swift */ = {isa = PBXFileReference; lastKnownFileType = sourcecode.swift; path = HomeViewModel.swift; sourceTree = "<group>"; };
		2EFE7CBF29F7C1E3003A1171 /* FrenchGo.app */ = {isa = PBXFileReference; explicitFileType = wrapper.application; includeInIndex = 0; path = FrenchGo.app; sourceTree = BUILT_PRODUCTS_DIR; };
		2EFE7CC229F7C1E3003A1171 /* FrenchGoApp.swift */ = {isa = PBXFileReference; lastKnownFileType = sourcecode.swift; path = FrenchGoApp.swift; sourceTree = "<group>"; };
		2EFE7CC429F7C1E3003A1171 /* Login.swift */ = {isa = PBXFileReference; lastKnownFileType = sourcecode.swift; path = Login.swift; sourceTree = "<group>"; };
		2EFE7CC629F7C1E4003A1171 /* Assets.xcassets */ = {isa = PBXFileReference; lastKnownFileType = folder.assetcatalog; path = Assets.xcassets; sourceTree = "<group>"; };
		2EFE7CC929F7C1E4003A1171 /* Preview Assets.xcassets */ = {isa = PBXFileReference; lastKnownFileType = folder.assetcatalog; path = "Preview Assets.xcassets"; sourceTree = "<group>"; };
		2EFE7CD229F7C694003A1171 /* CustomTextView.swift */ = {isa = PBXFileReference; lastKnownFileType = sourcecode.swift; path = CustomTextView.swift; sourceTree = "<group>"; };
		2EFE7CD429F7C6EA003A1171 /* PasswordTextView.swift */ = {isa = PBXFileReference; lastKnownFileType = sourcecode.swift; path = PasswordTextView.swift; sourceTree = "<group>"; };
		2EFE7CD629F7D0E7003A1171 /* SignUpView.swift */ = {isa = PBXFileReference; lastKnownFileType = sourcecode.swift; path = SignUpView.swift; sourceTree = "<group>"; };
		2EFE7CD929F7D664003A1171 /* UserRepository.swift */ = {isa = PBXFileReference; lastKnownFileType = sourcecode.swift; path = UserRepository.swift; sourceTree = "<group>"; };
		2EFE7CDB29F7D6AA003A1171 /* MainTabView.swift */ = {isa = PBXFileReference; lastKnownFileType = sourcecode.swift; path = MainTabView.swift; sourceTree = "<group>"; };
		2EFE7CDD29F7D8C3003A1171 /* HomeView.swift */ = {isa = PBXFileReference; lastKnownFileType = sourcecode.swift; path = HomeView.swift; sourceTree = "<group>"; };
		2EFE7CDF29F7D92E003A1171 /* SettingsView.swift */ = {isa = PBXFileReference; lastKnownFileType = sourcecode.swift; path = SettingsView.swift; sourceTree = "<group>"; };
		2EFE7CE229F7DDAE003A1171 /* HowFrenchGoWorks.swift */ = {isa = PBXFileReference; lastKnownFileType = sourcecode.swift; path = HowFrenchGoWorks.swift; sourceTree = "<group>"; };
		2EFE7CE429F7DFAF003A1171 /* NumberView.swift */ = {isa = PBXFileReference; lastKnownFileType = sourcecode.swift; path = NumberView.swift; sourceTree = "<group>"; };
		2EFE7CE629F7E207003A1171 /* AboutUsView.swift */ = {isa = PBXFileReference; lastKnownFileType = sourcecode.swift; path = AboutUsView.swift; sourceTree = "<group>"; };
		2EFE7CE829F7E364003A1171 /* ContactUsView.swift */ = {isa = PBXFileReference; lastKnownFileType = sourcecode.swift; path = ContactUsView.swift; sourceTree = "<group>"; };
/* End PBXFileReference section */

/* Begin PBXFrameworksBuildPhase section */
		2EFE7CBC29F7C1E3003A1171 /* Frameworks */ = {
			isa = PBXFrameworksBuildPhase;
			buildActionMask = 2147483647;
			files = (
			);
			runOnlyForDeploymentPostprocessing = 0;
		};
/* End PBXFrameworksBuildPhase section */

/* Begin PBXGroup section */
		2ECB706C29FA4B550050BA59 /* Service */ = {
			isa = PBXGroup;
			children = (
				2ECB707029FA4C4B0050BA59 /* RegisterProtocol.swift */,
				2ECB707729FA4D4B0050BA59 /* RegisterService.swift */,
				2ECB708629FA55BC0050BA59 /* LoginProtocol.swift */,
				2ECB708829FA55F00050BA59 /* LoginService.swift */,
				2ECB709A29FA9D480050BA59 /* InitialQuizProtocol.swift */,
				2ECB709C29FA9D8A0050BA59 /* InitialQuizService.swift */,
			);
			path = Service;
			sourceTree = "<group>";
		};
		2ECB706D29FA4B770050BA59 /* Helper */ = {
			isa = PBXGroup;
			children = (
				2ECB706E29FA4B900050BA59 /* ApiEndpoint.swift */,
				2ECB707529FA4D1F0050BA59 /* NetworkError.swift */,
			);
			path = Helper;
			sourceTree = "<group>";
		};
		2ECB707229FA4C810050BA59 /* Data */ = {
			isa = PBXGroup;
			children = (
				2ECB707329FA4C940050BA59 /* UserData.swift */,
				2ECB708429FA55840050BA59 /* LoginData.swift */,
			);
			path = Data;
			sourceTree = "<group>";
		};
		2ECB707929FA4DCA0050BA59 /* Extension */ = {
			isa = PBXGroup;
			children = (
				2ECB707A29FA4DED0050BA59 /* HTTPURLRESPONSE.swift */,
				2ECB708229FA4FE00050BA59 /* StringExtension.swift */,
			);
			path = Extension;
			sourceTree = "<group>";
		};
		2ECB707C29FA4E630050BA59 /* DTO */ = {
			isa = PBXGroup;
			children = (
				2ECB707D29FA4E7A0050BA59 /* ResponseDTO.swift */,
				2ECB708A29FA56740050BA59 /* UserDTO.swift */,
				2ECB709629FA86BE0050BA59 /* QuizDTO.swift */,
			);
			path = DTO;
			sourceTree = "<group>";
		};
		2ECB707F29FA4ED00050BA59 /* ViewModel */ = {
			isa = PBXGroup;
			children = (
				2ECB708029FA4F090050BA59 /* RegisterViewModel.swift */,
				2ECB708C29FA57030050BA59 /* LoginViewModel.swift */,
				2ECB709E29FA9F100050BA59 /* HomeViewModel.swift */,
			);
			path = ViewModel;
			sourceTree = "<group>";
		};
		2EFE7CB629F7C1E3003A1171 = {
			isa = PBXGroup;
			children = (
				2EFE7CC129F7C1E3003A1171 /* FrenchGo */,
				2EFE7CC029F7C1E3003A1171 /* Products */,
			);
			sourceTree = "<group>";
		};
		2EFE7CC029F7C1E3003A1171 /* Products */ = {
			isa = PBXGroup;
			children = (
				2EFE7CBF29F7C1E3003A1171 /* FrenchGo.app */,
			);
			name = Products;
			sourceTree = "<group>";
		};
		2EFE7CC129F7C1E3003A1171 /* FrenchGo */ = {
			isa = PBXGroup;
			children = (
				2ECB707C29FA4E630050BA59 /* DTO */,
				2ECB706C29FA4B550050BA59 /* Service */,
				2EFE7CD829F7D64E003A1171 /* Repository */,
				2ECB707929FA4DCA0050BA59 /* Extension */,
				2ECB707229FA4C810050BA59 /* Data */,
				2ECB706D29FA4B770050BA59 /* Helper */,
				2ECB707F29FA4ED00050BA59 /* ViewModel */,
				2EFE7CC229F7C1E3003A1171 /* FrenchGoApp.swift */,
				2EFE7CD029F7C2F2003A1171 /* Views */,
				2EFE7CC629F7C1E4003A1171 /* Assets.xcassets */,
				2EFE7CC829F7C1E4003A1171 /* Preview Content */,
			);
			path = FrenchGo;
			sourceTree = "<group>";
		};
		2EFE7CC829F7C1E4003A1171 /* Preview Content */ = {
			isa = PBXGroup;
			children = (
				2EFE7CC929F7C1E4003A1171 /* Preview Assets.xcassets */,
			);
			path = "Preview Content";
			sourceTree = "<group>";
		};
		2EFE7CD029F7C2F2003A1171 /* Views */ = {
			isa = PBXGroup;
			children = (
				2EFE7CD129F7C680003A1171 /* Helper */,
				2EFE7CC429F7C1E3003A1171 /* Login.swift */,
				2EFE7CD629F7D0E7003A1171 /* SignUpView.swift */,
				2EFE7CDB29F7D6AA003A1171 /* MainTabView.swift */,
				2EFE7CDD29F7D8C3003A1171 /* HomeView.swift */,
				2EFE7CE129F7DD7E003A1171 /* Settings */,
			);
			path = Views;
			sourceTree = "<group>";
		};
		2EFE7CD129F7C680003A1171 /* Helper */ = {
			isa = PBXGroup;
			children = (
				2EFE7CD229F7C694003A1171 /* CustomTextView.swift */,
				2EFE7CD429F7C6EA003A1171 /* PasswordTextView.swift */,
				2EFE7CE429F7DFAF003A1171 /* NumberView.swift */,
				2ECB708E29FA7B2E0050BA59 /* QUizCardView.swift */,
				2ECB709029FA7F8F0050BA59 /* LessonCardView.swift */,
				2ECB709229FA827E0050BA59 /* LockedLessonCardView.swift */,
				2ECB709429FA864B0050BA59 /* QuizView.swift */,
			);
			path = Helper;
			sourceTree = "<group>";
		};
		2EFE7CD829F7D64E003A1171 /* Repository */ = {
			isa = PBXGroup;
			children = (
				2EFE7CD929F7D664003A1171 /* UserRepository.swift */,
			);
			path = Repository;
			sourceTree = "<group>";
		};
		2EFE7CE129F7DD7E003A1171 /* Settings */ = {
			isa = PBXGroup;
			children = (
				2EFE7CDF29F7D92E003A1171 /* SettingsView.swift */,
				2EFE7CE229F7DDAE003A1171 /* HowFrenchGoWorks.swift */,
				2EFE7CE629F7E207003A1171 /* AboutUsView.swift */,
				2EFE7CE829F7E364003A1171 /* ContactUsView.swift */,
			);
			path = Settings;
			sourceTree = "<group>";
		};
/* End PBXGroup section */

/* Begin PBXNativeTarget section */
		2EFE7CBE29F7C1E3003A1171 /* FrenchGo */ = {
			isa = PBXNativeTarget;
			buildConfigurationList = 2EFE7CCD29F7C1E4003A1171 /* Build configuration list for PBXNativeTarget "FrenchGo" */;
			buildPhases = (
				2EFE7CBB29F7C1E3003A1171 /* Sources */,
				2EFE7CBC29F7C1E3003A1171 /* Frameworks */,
				2EFE7CBD29F7C1E3003A1171 /* Resources */,
			);
			buildRules = (
			);
			dependencies = (
			);
			name = FrenchGo;
			productName = FrenchGo;
			productReference = 2EFE7CBF29F7C1E3003A1171 /* FrenchGo.app */;
			productType = "com.apple.product-type.application";
		};
/* End PBXNativeTarget section */

/* Begin PBXProject section */
		2EFE7CB729F7C1E3003A1171 /* Project object */ = {
			isa = PBXProject;
			attributes = {
				BuildIndependentTargetsInParallel = 1;
				LastSwiftUpdateCheck = 1430;
				LastUpgradeCheck = 1430;
				TargetAttributes = {
					2EFE7CBE29F7C1E3003A1171 = {
						CreatedOnToolsVersion = 14.3;
					};
				};
			};
			buildConfigurationList = 2EFE7CBA29F7C1E3003A1171 /* Build configuration list for PBXProject "FrenchGo" */;
			compatibilityVersion = "Xcode 14.0";
			developmentRegion = en;
			hasScannedForEncodings = 0;
			knownRegions = (
				en,
				Base,
			);
			mainGroup = 2EFE7CB629F7C1E3003A1171;
			productRefGroup = 2EFE7CC029F7C1E3003A1171 /* Products */;
			projectDirPath = "";
			projectRoot = "";
			targets = (
				2EFE7CBE29F7C1E3003A1171 /* FrenchGo */,
			);
		};
/* End PBXProject section */

/* Begin PBXResourcesBuildPhase section */
		2EFE7CBD29F7C1E3003A1171 /* Resources */ = {
			isa = PBXResourcesBuildPhase;
			buildActionMask = 2147483647;
			files = (
				2EFE7CCA29F7C1E4003A1171 /* Preview Assets.xcassets in Resources */,
				2EFE7CC729F7C1E4003A1171 /* Assets.xcassets in Resources */,
			);
			runOnlyForDeploymentPostprocessing = 0;
		};
/* End PBXResourcesBuildPhase section */

/* Begin PBXSourcesBuildPhase section */
		2EFE7CBB29F7C1E3003A1171 /* Sources */ = {
			isa = PBXSourcesBuildPhase;
			buildActionMask = 2147483647;
			files = (
				2ECB707629FA4D1F0050BA59 /* NetworkError.swift in Sources */,
				2ECB709D29FA9D8A0050BA59 /* InitialQuizService.swift in Sources */,
				2EFE7CD529F7C6EA003A1171 /* PasswordTextView.swift in Sources */,
				2EFE7CE329F7DDAE003A1171 /* HowFrenchGoWorks.swift in Sources */,
				2ECB707429FA4C940050BA59 /* UserData.swift in Sources */,
				2EFE7CD729F7D0E7003A1171 /* SignUpView.swift in Sources */,
				2ECB706F29FA4B900050BA59 /* ApiEndpoint.swift in Sources */,
				2ECB707829FA4D4B0050BA59 /* RegisterService.swift in Sources */,
				2EFE7CDA29F7D664003A1171 /* UserRepository.swift in Sources */,
				2ECB708D29FA57030050BA59 /* LoginViewModel.swift in Sources */,
				2EFE7CE029F7D92E003A1171 /* SettingsView.swift in Sources */,
				2ECB709529FA864B0050BA59 /* QuizView.swift in Sources */,
				2ECB708729FA55BC0050BA59 /* LoginProtocol.swift in Sources */,
				2EFE7CC529F7C1E3003A1171 /* Login.swift in Sources */,
				2ECB709B29FA9D480050BA59 /* InitialQuizProtocol.swift in Sources */,
				2EFE7CE929F7E364003A1171 /* ContactUsView.swift in Sources */,
				2EFE7CDC29F7D6AA003A1171 /* MainTabView.swift in Sources */,
				2EFE7CDE29F7D8C3003A1171 /* HomeView.swift in Sources */,
				2EFE7CC329F7C1E3003A1171 /* FrenchGoApp.swift in Sources */,
				2ECB708529FA55840050BA59 /* LoginData.swift in Sources */,
				2EFE7CE529F7DFAF003A1171 /* NumberView.swift in Sources */,
				2ECB707129FA4C4B0050BA59 /* RegisterProtocol.swift in Sources */,
				2ECB708B29FA56740050BA59 /* UserDTO.swift in Sources */,
				2ECB709F29FA9F100050BA59 /* HomeViewModel.swift in Sources */,
				2ECB708129FA4F090050BA59 /* RegisterViewModel.swift in Sources */,
				2EFE7CE729F7E207003A1171 /* AboutUsView.swift in Sources */,
				2ECB709329FA827E0050BA59 /* LockedLessonCardView.swift in Sources */,
				2ECB709729FA86BE0050BA59 /* QuizDTO.swift in Sources */,
				2ECB707B29FA4DED0050BA59 /* HTTPURLRESPONSE.swift in Sources */,
				2ECB708F29FA7B2E0050BA59 /* QUizCardView.swift in Sources */,
				2ECB707E29FA4E7A0050BA59 /* ResponseDTO.swift in Sources */,
				2ECB709129FA7F8F0050BA59 /* LessonCardView.swift in Sources */,
				2ECB708929FA55F00050BA59 /* LoginService.swift in Sources */,
				2ECB708329FA4FE00050BA59 /* StringExtension.swift in Sources */,
				2EFE7CD329F7C694003A1171 /* CustomTextView.swift in Sources */,
			);
			runOnlyForDeploymentPostprocessing = 0;
		};
/* End PBXSourcesBuildPhase section */

/* Begin XCBuildConfiguration section */
		2EFE7CCB29F7C1E4003A1171 /* Debug */ = {
			isa = XCBuildConfiguration;
			buildSettings = {
				ALWAYS_SEARCH_USER_PATHS = NO;
				CLANG_ANALYZER_NONNULL = YES;
				CLANG_ANALYZER_NUMBER_OBJECT_CONVERSION = YES_AGGRESSIVE;
				CLANG_CXX_LANGUAGE_STANDARD = "gnu++20";
				CLANG_ENABLE_MODULES = YES;
				CLANG_ENABLE_OBJC_ARC = YES;
				CLANG_ENABLE_OBJC_WEAK = YES;
				CLANG_WARN_BLOCK_CAPTURE_AUTORELEASING = YES;
				CLANG_WARN_BOOL_CONVERSION = YES;
				CLANG_WARN_COMMA = YES;
				CLANG_WARN_CONSTANT_CONVERSION = YES;
				CLANG_WARN_DEPRECATED_OBJC_IMPLEMENTATIONS = YES;
				CLANG_WARN_DIRECT_OBJC_ISA_USAGE = YES_ERROR;
				CLANG_WARN_DOCUMENTATION_COMMENTS = YES;
				CLANG_WARN_EMPTY_BODY = YES;
				CLANG_WARN_ENUM_CONVERSION = YES;
				CLANG_WARN_INFINITE_RECURSION = YES;
				CLANG_WARN_INT_CONVERSION = YES;
				CLANG_WARN_NON_LITERAL_NULL_CONVERSION = YES;
				CLANG_WARN_OBJC_IMPLICIT_RETAIN_SELF = YES;
				CLANG_WARN_OBJC_LITERAL_CONVERSION = YES;
				CLANG_WARN_OBJC_ROOT_CLASS = YES_ERROR;
				CLANG_WARN_QUOTED_INCLUDE_IN_FRAMEWORK_HEADER = YES;
				CLANG_WARN_RANGE_LOOP_ANALYSIS = YES;
				CLANG_WARN_STRICT_PROTOTYPES = YES;
				CLANG_WARN_SUSPICIOUS_MOVE = YES;
				CLANG_WARN_UNGUARDED_AVAILABILITY = YES_AGGRESSIVE;
				CLANG_WARN_UNREACHABLE_CODE = YES;
				CLANG_WARN__DUPLICATE_METHOD_MATCH = YES;
				COPY_PHASE_STRIP = NO;
				DEBUG_INFORMATION_FORMAT = dwarf;
				ENABLE_STRICT_OBJC_MSGSEND = YES;
				ENABLE_TESTABILITY = YES;
				GCC_C_LANGUAGE_STANDARD = gnu11;
				GCC_DYNAMIC_NO_PIC = NO;
				GCC_NO_COMMON_BLOCKS = YES;
				GCC_OPTIMIZATION_LEVEL = 0;
				GCC_PREPROCESSOR_DEFINITIONS = (
					"DEBUG=1",
					"$(inherited)",
				);
				GCC_WARN_64_TO_32_BIT_CONVERSION = YES;
				GCC_WARN_ABOUT_RETURN_TYPE = YES_ERROR;
				GCC_WARN_UNDECLARED_SELECTOR = YES;
				GCC_WARN_UNINITIALIZED_AUTOS = YES_AGGRESSIVE;
				GCC_WARN_UNUSED_FUNCTION = YES;
				GCC_WARN_UNUSED_VARIABLE = YES;
				IPHONEOS_DEPLOYMENT_TARGET = 16.4;
				MTL_ENABLE_DEBUG_INFO = INCLUDE_SOURCE;
				MTL_FAST_MATH = YES;
				ONLY_ACTIVE_ARCH = YES;
				SDKROOT = iphoneos;
				SWIFT_ACTIVE_COMPILATION_CONDITIONS = DEBUG;
				SWIFT_OPTIMIZATION_LEVEL = "-Onone";
			};
			name = Debug;
		};
		2EFE7CCC29F7C1E4003A1171 /* Release */ = {
			isa = XCBuildConfiguration;
			buildSettings = {
				ALWAYS_SEARCH_USER_PATHS = NO;
				CLANG_ANALYZER_NONNULL = YES;
				CLANG_ANALYZER_NUMBER_OBJECT_CONVERSION = YES_AGGRESSIVE;
				CLANG_CXX_LANGUAGE_STANDARD = "gnu++20";
				CLANG_ENABLE_MODULES = YES;
				CLANG_ENABLE_OBJC_ARC = YES;
				CLANG_ENABLE_OBJC_WEAK = YES;
				CLANG_WARN_BLOCK_CAPTURE_AUTORELEASING = YES;
				CLANG_WARN_BOOL_CONVERSION = YES;
				CLANG_WARN_COMMA = YES;
				CLANG_WARN_CONSTANT_CONVERSION = YES;
				CLANG_WARN_DEPRECATED_OBJC_IMPLEMENTATIONS = YES;
				CLANG_WARN_DIRECT_OBJC_ISA_USAGE = YES_ERROR;
				CLANG_WARN_DOCUMENTATION_COMMENTS = YES;
				CLANG_WARN_EMPTY_BODY = YES;
				CLANG_WARN_ENUM_CONVERSION = YES;
				CLANG_WARN_INFINITE_RECURSION = YES;
				CLANG_WARN_INT_CONVERSION = YES;
				CLANG_WARN_NON_LITERAL_NULL_CONVERSION = YES;
				CLANG_WARN_OBJC_IMPLICIT_RETAIN_SELF = YES;
				CLANG_WARN_OBJC_LITERAL_CONVERSION = YES;
				CLANG_WARN_OBJC_ROOT_CLASS = YES_ERROR;
				CLANG_WARN_QUOTED_INCLUDE_IN_FRAMEWORK_HEADER = YES;
				CLANG_WARN_RANGE_LOOP_ANALYSIS = YES;
				CLANG_WARN_STRICT_PROTOTYPES = YES;
				CLANG_WARN_SUSPICIOUS_MOVE = YES;
				CLANG_WARN_UNGUARDED_AVAILABILITY = YES_AGGRESSIVE;
				CLANG_WARN_UNREACHABLE_CODE = YES;
				CLANG_WARN__DUPLICATE_METHOD_MATCH = YES;
				COPY_PHASE_STRIP = NO;
				DEBUG_INFORMATION_FORMAT = "dwarf-with-dsym";
				ENABLE_NS_ASSERTIONS = NO;
				ENABLE_STRICT_OBJC_MSGSEND = YES;
				GCC_C_LANGUAGE_STANDARD = gnu11;
				GCC_NO_COMMON_BLOCKS = YES;
				GCC_WARN_64_TO_32_BIT_CONVERSION = YES;
				GCC_WARN_ABOUT_RETURN_TYPE = YES_ERROR;
				GCC_WARN_UNDECLARED_SELECTOR = YES;
				GCC_WARN_UNINITIALIZED_AUTOS = YES_AGGRESSIVE;
				GCC_WARN_UNUSED_FUNCTION = YES;
				GCC_WARN_UNUSED_VARIABLE = YES;
				IPHONEOS_DEPLOYMENT_TARGET = 16.4;
				MTL_ENABLE_DEBUG_INFO = NO;
				MTL_FAST_MATH = YES;
				SDKROOT = iphoneos;
				SWIFT_COMPILATION_MODE = wholemodule;
				SWIFT_OPTIMIZATION_LEVEL = "-O";
				VALIDATE_PRODUCT = YES;
			};
			name = Release;
		};
		2EFE7CCE29F7C1E4003A1171 /* Debug */ = {
			isa = XCBuildConfiguration;
			buildSettings = {
				ASSETCATALOG_COMPILER_APPICON_NAME = AppIcon;
				ASSETCATALOG_COMPILER_GLOBAL_ACCENT_COLOR_NAME = AccentColor;
				CODE_SIGN_STYLE = Automatic;
				CURRENT_PROJECT_VERSION = 1;
				DEVELOPMENT_ASSET_PATHS = "\"FrenchGo/Preview Content\"";
				ENABLE_PREVIEWS = YES;
				GENERATE_INFOPLIST_FILE = YES;
				INFOPLIST_KEY_UIApplicationSceneManifest_Generation = YES;
				INFOPLIST_KEY_UIApplicationSupportsIndirectInputEvents = YES;
				INFOPLIST_KEY_UILaunchScreen_Generation = YES;
				INFOPLIST_KEY_UISupportedInterfaceOrientations_iPad = "UIInterfaceOrientationPortrait UIInterfaceOrientationPortraitUpsideDown UIInterfaceOrientationLandscapeLeft UIInterfaceOrientationLandscapeRight";
				INFOPLIST_KEY_UISupportedInterfaceOrientations_iPhone = "UIInterfaceOrientationPortrait UIInterfaceOrientationLandscapeLeft UIInterfaceOrientationLandscapeRight";
				LD_RUNPATH_SEARCH_PATHS = (
					"$(inherited)",
					"@executable_path/Frameworks",
				);
				MARKETING_VERSION = 1.0;
				PRODUCT_BUNDLE_IDENTIFIER = com.example.FrenchGo;
				PRODUCT_NAME = "$(TARGET_NAME)";
				SWIFT_EMIT_LOC_STRINGS = YES;
				SWIFT_VERSION = 5.0;
				TARGETED_DEVICE_FAMILY = "1,2";
			};
			name = Debug;
		};
		2EFE7CCF29F7C1E4003A1171 /* Release */ = {
			isa = XCBuildConfiguration;
			buildSettings = {
				ASSETCATALOG_COMPILER_APPICON_NAME = AppIcon;
				ASSETCATALOG_COMPILER_GLOBAL_ACCENT_COLOR_NAME = AccentColor;
				CODE_SIGN_STYLE = Automatic;
				CURRENT_PROJECT_VERSION = 1;
				DEVELOPMENT_ASSET_PATHS = "\"FrenchGo/Preview Content\"";
				ENABLE_PREVIEWS = YES;
				GENERATE_INFOPLIST_FILE = YES;
				INFOPLIST_KEY_UIApplicationSceneManifest_Generation = YES;
				INFOPLIST_KEY_UIApplicationSupportsIndirectInputEvents = YES;
				INFOPLIST_KEY_UILaunchScreen_Generation = YES;
				INFOPLIST_KEY_UISupportedInterfaceOrientations_iPad = "UIInterfaceOrientationPortrait UIInterfaceOrientationPortraitUpsideDown UIInterfaceOrientationLandscapeLeft UIInterfaceOrientationLandscapeRight";
				INFOPLIST_KEY_UISupportedInterfaceOrientations_iPhone = "UIInterfaceOrientationPortrait UIInterfaceOrientationLandscapeLeft UIInterfaceOrientationLandscapeRight";
				LD_RUNPATH_SEARCH_PATHS = (
					"$(inherited)",
					"@executable_path/Frameworks",
				);
				MARKETING_VERSION = 1.0;
				PRODUCT_BUNDLE_IDENTIFIER = com.example.FrenchGo;
				PRODUCT_NAME = "$(TARGET_NAME)";
				SWIFT_EMIT_LOC_STRINGS = YES;
				SWIFT_VERSION = 5.0;
				TARGETED_DEVICE_FAMILY = "1,2";
			};
			name = Release;
		};
/* End XCBuildConfiguration section */

/* Begin XCConfigurationList section */
		2EFE7CBA29F7C1E3003A1171 /* Build configuration list for PBXProject "FrenchGo" */ = {
			isa = XCConfigurationList;
			buildConfigurations = (
				2EFE7CCB29F7C1E4003A1171 /* Debug */,
				2EFE7CCC29F7C1E4003A1171 /* Release */,
			);
			defaultConfigurationIsVisible = 0;
			defaultConfigurationName = Release;
		};
		2EFE7CCD29F7C1E4003A1171 /* Build configuration list for PBXNativeTarget "FrenchGo" */ = {
			isa = XCConfigurationList;
			buildConfigurations = (
				2EFE7CCE29F7C1E4003A1171 /* Debug */,
				2EFE7CCF29F7C1E4003A1171 /* Release */,
			);
			defaultConfigurationIsVisible = 0;
			defaultConfigurationName = Release;
		};
/* End XCConfigurationList section */
	};
	rootObject = 2EFE7CB729F7C1E3003A1171 /* Project object */;
}
